
Microsoft Visual Studio Solution File, Format Version 12.00
# Visual Studio Version 17
VisualStudioVersion = 17.7.34221.43
MinimumVisualStudioVersion = 10.0.40219.1
Project("{FAE04EC0-301F-11D3-BF4B-00C04F79EFBC}") = "Task", "Task\Task.csproj", "{38A85AEB-1A89-43B0-AAA1-EEE8CA54C6F1}"
EndProject
Global
	GlobalSection(SolutionConfigurationPlatforms) = preSolution
		Debug|Any CPU = Debug|Any CPU
		Release|Any CPU = Release|Any CPU
	EndGlobalSection
	GlobalSection(ProjectConfigurationPlatforms) = postSolution
		{38A85AEB-1A89-43B0-AAA1-EEE8CA54C6F1}.Debug|Any CPU.ActiveCfg = Debug|Any CPU
		{38A85AEB-1A89-43B0-AAA1-EEE8CA54C6F1}.Debug|Any CPU.Build.0 = Debug|Any CPU
		{38A85AEB-1A89-43B0-AAA1-EEE8CA54C6F1}.Release|Any CPU.ActiveCfg = Release|Any CPU
		{38A85AEB-1A89-43B0-AAA1-EEE8CA54C6F1}.Release|Any CPU.Build.0 = Release|Any CPU
	EndGlobalSection
	GlobalSection(SolutionProperties) = preSolution
		HideSolutionNode = FALSE
	EndGlobalSection
	GlobalSection(ExtensibilityGlobals) = postSolution
		SolutionGuid = {3621E1A3-1D42-43D6-9D57-360E3F0C089B}
	EndGlobalSection
EndGlobal
